{
  "version": "4",
  "specifiers": {
    "npm:@huggingface/gguf@~0.4.6": "0.4.6"
  },
  "npm": {
    "@huggingface/gguf@0.4.6": {
      "integrity": "sha512-+S4ysHzzNN77rU0gBcuuGN+x1TYNP4M7EgOEZ2rKaTz8dZ8o2N92qapQaeTjnPPNiWSc23iCV9E8u2A9VvK+rg==",
      "dependencies": [
        "@huggingface/tasks"
      ]
    },
    "@huggingface/tasks@0.21.44": {
      "integrity": "sha512-fmcpLihkKjuyMwtARF8NjUYoccHSwVCfJUAlZMcl744aP/hcgo2E+MxpEHJkUgov4IEPfW/GKbkUGmjTGcxMRQ=="
    }
  },
  "workspace": {
    "dependencies": [
      "npm:@huggingface/gguf@~0.4.6"
    ]
  }
}
